[[package]]
name = "anyio"
version = "4.4.0"
description = "High level compatibility layer for multiple asynchronous event loop implementations"
category = "main"
optional = false
python-versions = ">=3.8"

[package.dependencies]
exceptiongroup = {version = ">=1.0.2", markers = "python_version < \"3.11\""}
idna = ">=2.8"
sniffio = ">=1.1"
typing-extensions = {version = ">=4.1", markers = "python_version < \"3.11\""}

[package.extras]
doc = ["packaging", "Sphinx (>=7)", "sphinx-rtd-theme", "sphinx-autodoc-typehints (>=1.2.0)"]
test = ["anyio", "coverage[toml] (>=7)", "exceptiongroup (>=1.2.0)", "hypothesis (>=4.0)", "psutil (>=5.9)", "pytest (>=7.0)", "pytest-mock (>=3.6.1)", "trustme", "uvloop (>=0.17)"]
trio = ["trio (>=0.23)"]

[[package]]
name = "certifi"
version = "2024.7.4"
description = "Python package for providing Mozilla's CA Bundle."
category = "main"
optional = false
python-versions = ">=3.6"

[[package]]
name = "charset-normalizer"
version = "3.3.2"
description = "The Real First Universal Charset Detector. Open, modern and actively maintained alternative to Chardet."
category = "main"
optional = false
python-versions = ">=3.7.0"

[[package]]
name = "coverage"
version = "5.5"
description = "Code coverage measurement for Python"
category = "main"
optional = false
python-versions = ">=2.7, !=3.0.*, !=3.1.*, !=3.2.*, !=3.3.*, !=3.4.*, <4"

[package.dependencies]
toml = {version = "*", optional = true, markers = "extra == \"toml\""}

[package.extras]
toml = ["toml"]

[[package]]
name = "deprecation"
version = "2.1.0"
description = "A library to handle automated deprecations"
category = "main"
optional = false
python-versions = "*"

[package.dependencies]
packaging = "*"

[[package]]
name = "exceptiongroup"
version = "1.2.1"
description = "Backport of PEP 654 (exception groups)"
category = "main"
optional = false
python-versions = ">=3.7"

[package.extras]
test = ["pytest (>=6)"]

[[package]]
name = "eyed3"
version = "0.9.7"
description = "Python audio data toolkit (ID3 and MP3)"
category = "main"
optional = false
python-versions = ">=3.7,<4.0"

[package.dependencies]
coverage = {version = ">=5.3.1,<6.0.0", extras = ["toml"]}
deprecation = ">=2.1.0,<3.0.0"
filetype = ">=1.0.7,<2.0.0"

[package.extras]
yaml-plugin = ["ruamel.yaml (>=0.16.12,<0.17.0)"]
art-plugin = ["Pillow (>=8.0.1,<10.0.0)", "pylast (>=4.0.0,<5.0.0)", "requests (>=2.25.0,<3.0.0)"]
test = ["pytest (>=6.2.1,<7.0.0)", "pytest-cov (>=2.10.1,<3.0.0)", "tox (>=3.20.1,<4.0.0)", "factory-boy (>=3.1.0,<4.0.0)", "flake8 (>=3.8.4,<4.0.0)", "check-manifest (>=0.45,<0.46)"]

[[package]]
name = "filetype"
version = "1.2.0"
description = "Infer file type and MIME type of any file/buffer. No external dependencies."
category = "main"
optional = false
python-versions = "*"

[[package]]
name = "h11"
version = "0.14.0"
description = "A pure-Python, bring-your-own-I/O implementation of HTTP/1.1"
category = "main"
optional = false
python-versions = ">=3.7"

[[package]]
name = "httpcore"
version = "0.16.3"
description = "A minimal low-level HTTP client."
category = "main"
optional = false
python-versions = ">=3.7"

[package.dependencies]
anyio = ">=3.0,<5.0"
certifi = "*"
h11 = ">=0.13,<0.15"
sniffio = ">=1.0.0,<2.0.0"

[package.extras]
http2 = ["h2 (>=3,<5)"]
socks = ["socksio (>=1.0.0,<2.0.0)"]

[[package]]
name = "httpx"
version = "0.23.3"
description = "The next generation HTTP client."
category = "main"
optional = false
python-versions = ">=3.7"

[package.dependencies]
certifi = "*"
httpcore = ">=0.15.0,<0.17.0"
rfc3986 = {version = ">=1.3,<2", extras = ["idna2008"]}
sniffio = "*"

[package.extras]
brotli = ["brotli", "brotlicffi"]
cli = ["click (>=8.0.0,<9.0.0)", "pygments (>=2.0.0,<3.0.0)", "rich (>=10,<13)"]
http2 = ["h2 (>=3,<5)"]
socks = ["socksio (>=1.0.0,<2.0.0)"]

[[package]]
name = "idna"
version = "3.7"
description = "Internationalized Domain Names in Applications (IDNA)"
category = "main"
optional = false
python-versions = ">=3.5"

[[package]]
name = "innertube"
version = "2.1.16"
description = "Python Client for Google's Private InnerTube API. Works with Youtube, YouTube Music and more!"
category = "main"
optional = false
python-versions = "<4.0,>=3.8"

[package.dependencies]
httpx = ">=0.23.3,<0.24.0"
mediate = ">=0.1.2,<0.2.0"

[[package]]
name = "mediate"
version = "0.1.8"
description = "Middleware for every occasion"
category = "main"
optional = false
python-versions = ">=3.8,<4.0"

[package.dependencies]
roster = ">=0.1.11,<0.2.0"

[[package]]
name = "packaging"
version = "24.1"
description = "Core utilities for Python packages"
category = "main"
optional = false
python-versions = ">=3.8"

[[package]]
name = "pathvalidate"
version = "3.2.0"
description = "pathvalidate is a Python library to sanitize/validate a string such as filenames/file-paths/etc."
category = "main"
optional = false
python-versions = ">=3.7"

[package.extras]
docs = ["sphinx-rtd-theme (>=1.2.2)", "Sphinx (>=2.4)", "urllib3 (<2)"]
test = ["allpairspy (>=2)", "click (>=6.2)", "Faker (>=1.0.8)", "pytest (>=6.0.1)", "pytest-md-report (>=0.4.1)", "pytest-discord (>=0.1.4)"]

[[package]]
name = "pydub"
version = "0.25.1"
description = "Manipulate audio with an simple and easy high level interface"
category = "main"
optional = false
python-versions = "*"

[[package]]
name = "pytubefix"
version = "5.7.0"
description = "Python3 library for downloading YouTube Videos."
category = "main"
optional = false
python-versions = ">=3.7"

[[package]]
name = "requests"
version = "2.32.3"
description = "Python HTTP for Humans."
category = "main"
optional = false
python-versions = ">=3.8"

[package.dependencies]
certifi = ">=2017.4.17"
charset-normalizer = ">=2,<4"
idna = ">=2.5,<4"
urllib3 = ">=1.21.1,<3"

[package.extras]
socks = ["PySocks (>=1.5.6,!=1.5.7)"]
use-chardet-on-py3 = ["chardet (>=3.0.2,<6)"]

[[package]]
name = "rfc3986"
version = "1.5.0"
description = "Validating URI References per RFC 3986"
category = "main"
optional = false
python-versions = "*"

[package.dependencies]
idna = {version = "*", optional = true, markers = "extra == \"idna2008\""}

[package.extras]
idna2008 = ["idna"]

[[package]]
name = "roster"
version = "0.1.11"
description = "Python object registers. Keep track of your classes, functions and data."
category = "main"
optional = false
python-versions = ">=3.8,<4.0"

[[package]]
name = "sniffio"
version = "1.3.1"
description = "Sniff out which async library your code is running under"
category = "main"
optional = false
python-versions = ">=3.7"

[[package]]
name = "toml"
version = "0.10.2"
description = "Python Library for Tom's Obvious, Minimal Language"
category = "main"
optional = false
python-versions = ">=2.6, !=3.0.*, !=3.1.*, !=3.2.*"

[[package]]
name = "typing-extensions"
version = "4.12.2"
description = "Backported and Experimental Type Hints for Python 3.8+"
category = "main"
optional = false
python-versions = ">=3.8"

[[package]]
name = "urllib3"
version = "2.2.2"
description = "HTTP library with thread-safe connection pooling, file post, and more."
category = "main"
optional = false
python-versions = ">=3.8"

[package.extras]
brotli = ["brotli (>=1.0.9)", "brotlicffi (>=0.8.0)"]
h2 = ["h2 (>=4,<5)"]
socks = ["pysocks (>=1.5.6,!=1.5.7,<2.0)"]
zstd = ["zstandard (>=0.18.0)"]

[metadata]
lock-version = "1.1"
python-versions = "^3.8"
content-hash = "aef17c38dd07d8a3463dd8e1b8072565c4fdab8160300a2c7b0adc492ba4f0e4"

[metadata.files]
anyio = []
certifi = []
charset-normalizer = []
coverage = []
deprecation = []
exceptiongroup = []
eyed3 = []
filetype = []
h11 = []
httpcore = []
httpx = []
idna = []
innertube = []
mediate = []
packaging = []
pathvalidate = []
pydub = []
pytubefix = []
requests = []
rfc3986 = []
roster = []
sniffio = []
toml = []
typing-extensions = []
urllib3 = []
